
Microsoft Visual Studio Solution File, Format Version 12.00
# Visual Studio Version 17
VisualStudioVersion = 17.13.35806.99 d17.13
MinimumVisualStudioVersion = 10.0.40219.1
Project("{FAE04EC0-301F-11D3-BF4B-00C04F79EFBC}") = "StoreMetrics", "StoreMetrics.csproj", "{868D32EC-D5B1-40F8-9A11-6C4DD45F90E4}"
EndProject
Global
	GlobalSection(SolutionConfigurationPlatforms) = preSolution
		Debug|Any CPU = Debug|Any CPU
		Release|Any CPU = Release|Any CPU
	EndGlobalSection
	GlobalSection(ProjectConfigurationPlatforms) = postSolution
		{868D32EC-D5B1-40F8-9A11-6C4DD45F90E4}.Debug|Any CPU.ActiveCfg = Debug|Any CPU
		{868D32EC-D5B1-40F8-9A11-6C4DD45F90E4}.Debug|Any CPU.Build.0 = Debug|Any CPU
		{868D32EC-D5B1-40F8-9A11-6C4DD45F90E4}.Release|Any CPU.ActiveCfg = Release|Any CPU
		{868D32EC-D5B1-40F8-9A11-6C4DD45F90E4}.Release|Any CPU.Build.0 = Release|Any CPU
	EndGlobalSection
	GlobalSection(SolutionProperties) = preSolution
		HideSolutionNode = FALSE
	EndGlobalSection
	GlobalSection(ExtensibilityGlobals) = postSolution
		SolutionGuid = {1BC47FC6-6C15-4223-9CF7-6B991D07F6F1}
	EndGlobalSection
EndGlobal
